{
  "lockfileVersion": 1,
  "configVersion": 1,
  "workspaces": {
    "": {
      "name": "dailyreport",
      "dependencies": {
        "basic-ftp": "^5.2.0",
        "fast-xml-parser": "^4.4.1",
        "js-yaml": "^4.1.0",
      },
      "devDependencies": {
        "@types/js-yaml": "^4.0.9",
        "typescript": "^5.7.3",
      },
    },
  },
  "packages": {
    "@types/js-yaml": ["@types/js-yaml@4.0.9", "", {}, "sha512-k4MGaQl5TGo/iipqb2UDG2UwjXziSWkh0uysQelTlJpX1qGlpUZYm8PnO4DxG1qBomtJUdYJ6qR6xdIah10JLg=="],

    "argparse": ["argparse@2.0.1", "", {}, "sha512-8+9WqebbFzpX9OR+Wa6O29asIogeRMzcGtAINdpMHHyAg10f05aSFVBbcEqGf/PXw1EjAZ+q2/bEBg3DvurK3Q=="],

    "basic-ftp": ["basic-ftp@5.2.0", "", {}, "sha512-VoMINM2rqJwJgfdHq6RiUudKt2BV+FY5ZFezP/ypmwayk68+NzzAQy4XXLlqsGD4MCzq3DrmNFD/uUmBJuGoXw=="],

    "fast-xml-parser": ["fast-xml-parser@4.5.4", "", { "dependencies": { "strnum": "^1.0.5" }, "bin": { "fxparser": "src/cli/cli.js" } }, "sha512-jE8ugADnYOBsu1uaoayVl1tVKAMNOXyjwvv2U6udEA2ORBhDooJDWoGxTkhd4Qn4yh59JVVt/pKXtjPwx9OguQ=="],

    "js-yaml": ["js-yaml@4.1.1", "", { "dependencies": { "argparse": "^2.0.1" }, "bin": { "js-yaml": "bin/js-yaml.js" } }, "sha512-qQKT4zQxXl8lLwBtHMWwaTcGfFOZviOJet3Oy/xmGk2gZH677CJM9EvtfdSkgWcATZhj/55JZ0rmy3myCT5lsA=="],

    "strnum": ["strnum@1.1.2", "", {}, "sha512-vrN+B7DBIoTTZjnPNewwhx6cBA/H+IS7rfW68n7XxC1y7uoiGQBxaKzqucGUgavX15dJgiGztLJ8vxuEzwqBdA=="],

    "typescript": ["typescript@5.9.3", "", { "bin": { "tsc": "bin/tsc", "tsserver": "bin/tsserver" } }, "sha512-jl1vZzPDinLr9eUt3J/t7V6FgNEw9QjvBPdysz9KfQDD41fQrC2Y4vKQdiaUpFT4bXlb1RHhLpp8wtm6M5TgSw=="],
  }
}
